// !$*UTF8*$!
{
	archiveVersion = 1;
	classes = {
	};
	objectVersion = 50;
	objects = {

/* Begin PBXBuildFile section */
		F71718FA249CA94300900259 /* LuaBridge.m in Sources */ = {isa = PBXBuildFile; fileRef = F71718B9249CA94300900259 /* LuaBridge.m */; };
		F71718FB249CA94300900259 /* .gitignore in Resources */ = {isa = PBXBuildFile; fileRef = F71718BB249CA94300900259 /* .gitignore */; };
		F71718FC249CA94300900259 /* utils.lua in Resources */ = {isa = PBXBuildFile; fileRef = F71718BC249CA94300900259 /* utils.lua */; };
		F71718FD249CA94300900259 /* lauxlib.c in Sources */ = {isa = PBXBuildFile; fileRef = F71718BF249CA94300900259 /* lauxlib.c */; };
		F71718FE249CA94300900259 /* liolib.c in Sources */ = {isa = PBXBuildFile; fileRef = F71718C5249CA94300900259 /* liolib.c */; };
		F71718FF249CA94300900259 /* lopcodes.c in Sources */ = {isa = PBXBuildFile; fileRef = F71718C6249CA94300900259 /* lopcodes.c */; };
		F7171900249CA94300900259 /* lstate.c in Sources */ = {isa = PBXBuildFile; fileRef = F71718C7249CA94300900259 /* lstate.c */; };
		F7171901249CA94300900259 /* lobject.c in Sources */ = {isa = PBXBuildFile; fileRef = F71718C9249CA94300900259 /* lobject.c */; };
		F7171902249CA94300900259 /* lmathlib.c in Sources */ = {isa = PBXBuildFile; fileRef = F71718CB249CA94300900259 /* lmathlib.c */; };
		F7171903249CA94300900259 /* loadlib.c in Sources */ = {isa = PBXBuildFile; fileRef = F71718CC249CA94300900259 /* loadlib.c */; };
		F7171904249CA94300900259 /* lvm.c in Sources */ = {isa = PBXBuildFile; fileRef = F71718CD249CA94300900259 /* lvm.c */; };
		F7171905249CA94300900259 /* lfunc.c in Sources */ = {isa = PBXBuildFile; fileRef = F71718CE249CA94300900259 /* lfunc.c */; };
		F7171906249CA94300900259 /* lstrlib.c in Sources */ = {isa = PBXBuildFile; fileRef = F71718CF249CA94300900259 /* lstrlib.c */; };
		F7171907249CA94300900259 /* linit.c in Sources */ = {isa = PBXBuildFile; fileRef = F71718D1249CA94300900259 /* linit.c */; };
		F7171908249CA94300900259 /* lstring.c in Sources */ = {isa = PBXBuildFile; fileRef = F71718D4249CA94300900259 /* lstring.c */; };
		F7171909249CA94300900259 /* lundump.c in Sources */ = {isa = PBXBuildFile; fileRef = F71718D6249CA94300900259 /* lundump.c */; };
		F717190A249CA94300900259 /* lctype.c in Sources */ = {isa = PBXBuildFile; fileRef = F71718D7249CA94300900259 /* lctype.c */; };
		F717190B249CA94300900259 /* ltable.c in Sources */ = {isa = PBXBuildFile; fileRef = F71718DA249CA94300900259 /* ltable.c */; };
		F717190C249CA94300900259 /* ldump.c in Sources */ = {isa = PBXBuildFile; fileRef = F71718DC249CA94300900259 /* ldump.c */; };
		F717190D249CA94300900259 /* loslib.c in Sources */ = {isa = PBXBuildFile; fileRef = F71718E0249CA94300900259 /* loslib.c */; };
		F717190E249CA94300900259 /* lgc.c in Sources */ = {isa = PBXBuildFile; fileRef = F71718E1249CA94300900259 /* lgc.c */; };
		F717190F249CA94300900259 /* lzio.c in Sources */ = {isa = PBXBuildFile; fileRef = F71718E2249CA94300900259 /* lzio.c */; };
		F7171910249CA94300900259 /* ldblib.c in Sources */ = {isa = PBXBuildFile; fileRef = F71718E3249CA94300900259 /* ldblib.c */; };
		F7171911249CA94300900259 /* lutf8lib.c in Sources */ = {isa = PBXBuildFile; fileRef = F71718E4249CA94300900259 /* lutf8lib.c */; };
		F7171912249CA94300900259 /* lmem.c in Sources */ = {isa = PBXBuildFile; fileRef = F71718E5249CA94300900259 /* lmem.c */; };
		F7171913249CA94300900259 /* lcorolib.c in Sources */ = {isa = PBXBuildFile; fileRef = F71718E8249CA94300900259 /* lcorolib.c */; };
		F7171914249CA94300900259 /* lcode.c in Sources */ = {isa = PBXBuildFile; fileRef = F71718EA249CA94300900259 /* lcode.c */; };
		F7171915249CA94300900259 /* ltablib.c in Sources */ = {isa = PBXBuildFile; fileRef = F71718EB249CA94300900259 /* ltablib.c */; };
		F7171916249CA94300900259 /* lbitlib.c in Sources */ = {isa = PBXBuildFile; fileRef = F71718EC249CA94300900259 /* lbitlib.c */; };
		F7171917249CA94300900259 /* lapi.c in Sources */ = {isa = PBXBuildFile; fileRef = F71718ED249CA94300900259 /* lapi.c */; };
		F7171918249CA94300900259 /* lbaselib.c in Sources */ = {isa = PBXBuildFile; fileRef = F71718EE249CA94300900259 /* lbaselib.c */; };
		F7171919249CA94300900259 /* ldebug.c in Sources */ = {isa = PBXBuildFile; fileRef = F71718F0249CA94300900259 /* ldebug.c */; };
		F717191A249CA94300900259 /* lparser.c in Sources */ = {isa = PBXBuildFile; fileRef = F71718F3249CA94300900259 /* lparser.c */; };
		F717191B249CA94300900259 /* llex.c in Sources */ = {isa = PBXBuildFile; fileRef = F71718F4249CA94300900259 /* llex.c */; };
		F717191C249CA94300900259 /* ltm.c in Sources */ = {isa = PBXBuildFile; fileRef = F71718F6249CA94300900259 /* ltm.c */; };
		F717191D249CA94300900259 /* ldo.c in Sources */ = {isa = PBXBuildFile; fileRef = F71718F8249CA94300900259 /* ldo.c */; };
		F7A8B4A22499B4D40036D021 /* AppDelegate.m in Sources */ = {isa = PBXBuildFile; fileRef = F7A8B4A12499B4D40036D021 /* AppDelegate.m */; };
		F7A8B4A52499B4D40036D021 /* SceneDelegate.m in Sources */ = {isa = PBXBuildFile; fileRef = F7A8B4A42499B4D40036D021 /* SceneDelegate.m */; };
		F7A8B4A82499B4D40036D021 /* ViewController.mm in Sources */ = {isa = PBXBuildFile; fileRef = F7A8B4A72499B4D40036D021 /* ViewController.mm */; };
		F7A8B4AB2499B4D40036D021 /* Main.storyboard in Resources */ = {isa = PBXBuildFile; fileRef = F7A8B4A92499B4D40036D021 /* Main.storyboard */; };
		F7A8B4AD2499B4D60036D021 /* Assets.xcassets in Resources */ = {isa = PBXBuildFile; fileRef = F7A8B4AC2499B4D60036D021 /* Assets.xcassets */; };
		F7A8B4B02499B4D60036D021 /* LaunchScreen.storyboard in Resources */ = {isa = PBXBuildFile; fileRef = F7A8B4AE2499B4D60036D021 /* LaunchScreen.storyboard */; };
		F7A8B4B32499B4D60036D021 /* main.m in Sources */ = {isa = PBXBuildFile; fileRef = F7A8B4B22499B4D60036D021 /* main.m */; };
		F7A8B4BD2499B4D60036D021 /* occ__luaTests.m in Sources */ = {isa = PBXBuildFile; fileRef = F7A8B4BC2499B4D60036D021 /* occ__luaTests.m */; };
		F7A8B4C82499B4D70036D021 /* occ__luaUITests.m in Sources */ = {isa = PBXBuildFile; fileRef = F7A8B4C72499B4D70036D021 /* occ__luaUITests.m */; };
		F7A8B4E7249A01830036D021 /* bridge.mm in Sources */ = {isa = PBXBuildFile; fileRef = F7A8B4E5249A01830036D021 /* bridge.mm */; };
		F7A8B750249A09BC0036D021 /* demo.lua in Resources */ = {isa = PBXBuildFile; fileRef = F7A8B74F249A09BC0036D021 /* demo.lua */; };
		F7A8B753249A0B110036D021 /* ViewController2.m in Sources */ = {isa = PBXBuildFile; fileRef = F7A8B752249A0B110036D021 /* ViewController2.m */; };
		F7E90DDA24A197AD00967832 /* Security.framework in Frameworks */ = {isa = PBXBuildFile; fileRef = F7E90DD924A197AD00967832 /* Security.framework */; };
		F7E90DDC24A197D000967832 /* libiconv.tbd in Frameworks */ = {isa = PBXBuildFile; fileRef = F7E90DDB24A197D000967832 /* libiconv.tbd */; };
		F7E90DDE24A197D600967832 /* SystemConfiguration.framework in Frameworks */ = {isa = PBXBuildFile; fileRef = F7E90DDD24A197D600967832 /* SystemConfiguration.framework */; };
		F7E90DE024A197DC00967832 /* CoreGraphics.framework in Frameworks */ = {isa = PBXBuildFile; fileRef = F7E90DDF24A197DB00967832 /* CoreGraphics.framework */; };
		F7E90DE224A197E300967832 /* libsqlite3.tbd in Frameworks */ = {isa = PBXBuildFile; fileRef = F7E90DE124A197E300967832 /* libsqlite3.tbd */; };
		F7E90DE424A197E800967832 /* CoreTelephony.framework in Frameworks */ = {isa = PBXBuildFile; fileRef = F7E90DE324A197E800967832 /* CoreTelephony.framework */; };
		F7E90DE624A197FA00967832 /* libz.tbd in Frameworks */ = {isa = PBXBuildFile; fileRef = F7E90DE524A197FA00967832 /* libz.tbd */; };
		F7E90DE824A19A9700967832 /* WebKit.framework in Frameworks */ = {isa = PBXBuildFile; fileRef = F7E90DE724A19A9700967832 /* WebKit.framework */; };
/* End PBXBuildFile section */

/* Begin PBXContainerItemProxy section */
		F7A8B4B92499B4D60036D021 /* PBXContainerItemProxy */ = {
			isa = PBXContainerItemProxy;
			containerPortal = F7A8B4952499B4D40036D021 /* Project object */;
			proxyType = 1;
			remoteGlobalIDString = F7A8B49C2499B4D40036D021;
			remoteInfo = "occ++lua";
		};
		F7A8B4C42499B4D60036D021 /* PBXContainerItemProxy */ = {
			isa = PBXContainerItemProxy;
			containerPortal = F7A8B4952499B4D40036D021 /* Project object */;
			proxyType = 1;
			remoteGlobalIDString = F7A8B49C2499B4D40036D021;
			remoteInfo = "occ++lua";
		};
/* End PBXContainerItemProxy section */

/* Begin PBXFileReference section */
		F71718B9249CA94300900259 /* LuaBridge.m */ = {isa = PBXFileReference; fileEncoding = 4; lastKnownFileType = sourcecode.c.objc; path = LuaBridge.m; sourceTree = "<group>"; };
		F71718BA249CA94300900259 /* LuaBridge.h */ = {isa = PBXFileReference; fileEncoding = 4; lastKnownFileType = sourcecode.c.h; path = LuaBridge.h; sourceTree = "<group>"; };
		F71718BB249CA94300900259 /* .gitignore */ = {isa = PBXFileReference; fileEncoding = 4; lastKnownFileType = text; path = .gitignore; sourceTree = "<group>"; };
		F71718BC249CA94300900259 /* utils.lua */ = {isa = PBXFileReference; fileEncoding = 4; lastKnownFileType = text; path = utils.lua; sourceTree = "<group>"; };
		F71718BD249CA94300900259 /* LuaBridgeInternal.h */ = {isa = PBXFileReference; fileEncoding = 4; lastKnownFileType = sourcecode.c.h; path = LuaBridgeInternal.h; sourceTree = "<group>"; };
		F71718BF249CA94300900259 /* lauxlib.c */ = {isa = PBXFileReference; fileEncoding = 4; lastKnownFileType = sourcecode.c.c; path = lauxlib.c; sourceTree = "<group>"; };
		F71718C0249CA94300900259 /* lmem.h */ = {isa = PBXFileReference; fileEncoding = 4; lastKnownFileType = sourcecode.c.h; path = lmem.h; sourceTree = "<group>"; };
		F71718C1249CA94300900259 /* llimits.h */ = {isa = PBXFileReference; fileEncoding = 4; lastKnownFileType = sourcecode.c.h; path = llimits.h; sourceTree = "<group>"; };
		F71718C2249CA94300900259 /* luaconf.h */ = {isa = PBXFileReference; fileEncoding = 4; lastKnownFileType = sourcecode.c.h; path = luaconf.h; sourceTree = "<group>"; };
		F71718C3249CA94300900259 /* lzio.h */ = {isa = PBXFileReference; fileEncoding = 4; lastKnownFileType = sourcecode.c.h; path = lzio.h; sourceTree = "<group>"; };
		F71718C4249CA94300900259 /* lgc.h */ = {isa = PBXFileReference; fileEncoding = 4; lastKnownFileType = sourcecode.c.h; path = lgc.h; sourceTree = "<group>"; };
		F71718C5249CA94300900259 /* liolib.c */ = {isa = PBXFileReference; fileEncoding = 4; lastKnownFileType = sourcecode.c.c; path = liolib.c; sourceTree = "<group>"; };
		F71718C6249CA94300900259 /* lopcodes.c */ = {isa = PBXFileReference; fileEncoding = 4; lastKnownFileType = sourcecode.c.c; path = lopcodes.c; sourceTree = "<group>"; };
		F71718C7249CA94300900259 /* lstate.c */ = {isa = PBXFileReference; fileEncoding = 4; lastKnownFileType = sourcecode.c.c; path = lstate.c; sourceTree = "<group>"; };
		F71718C8249CA94300900259 /* lua.hpp */ = {isa = PBXFileReference; fileEncoding = 4; lastKnownFileType = sourcecode.cpp.h; path = lua.hpp; sourceTree = "<group>"; };
		F71718C9249CA94300900259 /* lobject.c */ = {isa = PBXFileReference; fileEncoding = 4; lastKnownFileType = sourcecode.c.c; path = lobject.c; sourceTree = "<group>"; };
		F71718CA249CA94300900259 /* lualib.h */ = {isa = PBXFileReference; fileEncoding = 4; lastKnownFileType = sourcecode.c.h; path = lualib.h; sourceTree = "<group>"; };
		F71718CB249CA94300900259 /* lmathlib.c */ = {isa = PBXFileReference; fileEncoding = 4; lastKnownFileType = sourcecode.c.c; path = lmathlib.c; sourceTree = "<group>"; };
		F71718CC249CA94300900259 /* loadlib.c */ = {isa = PBXFileReference; fileEncoding = 4; lastKnownFileType = sourcecode.c.c; path = loadlib.c; sourceTree = "<group>"; };
		F71718CD249CA94300900259 /* lvm.c */ = {isa = PBXFileReference; fileEncoding = 4; lastKnownFileType = sourcecode.c.c; path = lvm.c; sourceTree = "<group>"; };
		F71718CE249CA94300900259 /* lfunc.c */ = {isa = PBXFileReference; fileEncoding = 4; lastKnownFileType = sourcecode.c.c; path = lfunc.c; sourceTree = "<group>"; };
		F71718CF249CA94300900259 /* lstrlib.c */ = {isa = PBXFileReference; fileEncoding = 4; lastKnownFileType = sourcecode.c.c; path = lstrlib.c; sourceTree = "<group>"; };
		F71718D0249CA94300900259 /* ldebug.h */ = {isa = PBXFileReference; fileEncoding = 4; lastKnownFileType = sourcecode.c.h; path = ldebug.h; sourceTree = "<group>"; };
		F71718D1249CA94300900259 /* linit.c */ = {isa = PBXFileReference; fileEncoding = 4; lastKnownFileType = sourcecode.c.c; path = linit.c; sourceTree = "<group>"; };
		F71718D2249CA94300900259 /* lcode.h */ = {isa = PBXFileReference; fileEncoding = 4; lastKnownFileType = sourcecode.c.h; path = lcode.h; sourceTree = "<group>"; };
		F71718D3249CA94300900259 /* lapi.h */ = {isa = PBXFileReference; fileEncoding = 4; lastKnownFileType = sourcecode.c.h; path = lapi.h; sourceTree = "<group>"; };
		F71718D4249CA94300900259 /* lstring.c */ = {isa = PBXFileReference; fileEncoding = 4; lastKnownFileType = sourcecode.c.c; path = lstring.c; sourceTree = "<group>"; };
		F71718D5249CA94300900259 /* ldo.h */ = {isa = PBXFileReference; fileEncoding = 4; lastKnownFileType = sourcecode.c.h; path = ldo.h; sourceTree = "<group>"; };
		F71718D6249CA94300900259 /* lundump.c */ = {isa = PBXFileReference; fileEncoding = 4; lastKnownFileType = sourcecode.c.c; path = lundump.c; sourceTree = "<group>"; };
		F71718D7249CA94300900259 /* lctype.c */ = {isa = PBXFileReference; fileEncoding = 4; lastKnownFileType = sourcecode.c.c; path = lctype.c; sourceTree = "<group>"; };
		F71718D8249CA94300900259 /* llex.h */ = {isa = PBXFileReference; fileEncoding = 4; lastKnownFileType = sourcecode.c.h; path = llex.h; sourceTree = "<group>"; };
		F71718D9249CA94300900259 /* ltm.h */ = {isa = PBXFileReference; fileEncoding = 4; lastKnownFileType = sourcecode.c.h; path = ltm.h; sourceTree = "<group>"; };
		F71718DA249CA94300900259 /* ltable.c */ = {isa = PBXFileReference; fileEncoding = 4; lastKnownFileType = sourcecode.c.c; path = ltable.c; sourceTree = "<group>"; };
		F71718DB249CA94300900259 /* lparser.h */ = {isa = PBXFileReference; fileEncoding = 4; lastKnownFileType = sourcecode.c.h; path = lparser.h; sourceTree = "<group>"; };
		F71718DC249CA94300900259 /* ldump.c */ = {isa = PBXFileReference; fileEncoding = 4; lastKnownFileType = sourcecode.c.c; path = ldump.c; sourceTree = "<group>"; };
		F71718DD249CA94300900259 /* lobject.h */ = {isa = PBXFileReference; fileEncoding = 4; lastKnownFileType = sourcecode.c.h; path = lobject.h; sourceTree = "<group>"; };
		F71718DE249CA94300900259 /* lstate.h */ = {isa = PBXFileReference; fileEncoding = 4; lastKnownFileType = sourcecode.c.h; path = lstate.h; sourceTree = "<group>"; };
		F71718DF249CA94300900259 /* lopcodes.h */ = {isa = PBXFileReference; fileEncoding = 4; lastKnownFileType = sourcecode.c.h; path = lopcodes.h; sourceTree = "<group>"; };
		F71718E0249CA94300900259 /* loslib.c */ = {isa = PBXFileReference; fileEncoding = 4; lastKnownFileType = sourcecode.c.c; path = loslib.c; sourceTree = "<group>"; };
		F71718E1249CA94300900259 /* lgc.c */ = {isa = PBXFileReference; fileEncoding = 4; lastKnownFileType = sourcecode.c.c; path = lgc.c; sourceTree = "<group>"; };
		F71718E2249CA94300900259 /* lzio.c */ = {isa = PBXFileReference; fileEncoding = 4; lastKnownFileType = sourcecode.c.c; path = lzio.c; sourceTree = "<group>"; };
		F71718E3249CA94300900259 /* ldblib.c */ = {isa = PBXFileReference; fileEncoding = 4; lastKnownFileType = sourcecode.c.c; path = ldblib.c; sourceTree = "<group>"; };
		F71718E4249CA94300900259 /* lutf8lib.c */ = {isa = PBXFileReference; fileEncoding = 4; lastKnownFileType = sourcecode.c.c; path = lutf8lib.c; sourceTree = "<group>"; };
		F71718E5249CA94300900259 /* lmem.c */ = {isa = PBXFileReference; fileEncoding = 4; lastKnownFileType = sourcecode.c.c; path = lmem.c; sourceTree = "<group>"; };
		F71718E6249CA94300900259 /* lauxlib.h */ = {isa = PBXFileReference; fileEncoding = 4; lastKnownFileType = sourcecode.c.h; path = lauxlib.h; sourceTree = "<group>"; };
		F71718E7249CA94300900259 /* lvm.h */ = {isa = PBXFileReference; fileEncoding = 4; lastKnownFileType = sourcecode.c.h; path = lvm.h; sourceTree = "<group>"; };
		F71718E8249CA94300900259 /* lcorolib.c */ = {isa = PBXFileReference; fileEncoding = 4; lastKnownFileType = sourcecode.c.c; path = lcorolib.c; sourceTree = "<group>"; };
		F71718E9249CA94300900259 /* lstring.h */ = {isa = PBXFileReference; fileEncoding = 4; lastKnownFileType = sourcecode.c.h; path = lstring.h; sourceTree = "<group>"; };
		F71718EA249CA94300900259 /* lcode.c */ = {isa = PBXFileReference; fileEncoding = 4; lastKnownFileType = sourcecode.c.c; path = lcode.c; sourceTree = "<group>"; };
		F71718EB249CA94300900259 /* ltablib.c */ = {isa = PBXFileReference; fileEncoding = 4; lastKnownFileType = sourcecode.c.c; path = ltablib.c; sourceTree = "<group>"; };
		F71718EC249CA94300900259 /* lbitlib.c */ = {isa = PBXFileReference; fileEncoding = 4; lastKnownFileType = sourcecode.c.c; path = lbitlib.c; sourceTree = "<group>"; };
		F71718ED249CA94300900259 /* lapi.c */ = {isa = PBXFileReference; fileEncoding = 4; lastKnownFileType = sourcecode.c.c; path = lapi.c; sourceTree = "<group>"; };
		F71718EE249CA94300900259 /* lbaselib.c */ = {isa = PBXFileReference; fileEncoding = 4; lastKnownFileType = sourcecode.c.c; path = lbaselib.c; sourceTree = "<group>"; };
		F71718EF249CA94300900259 /* lua.h */ = {isa = PBXFileReference; fileEncoding = 4; lastKnownFileType = sourcecode.c.h; path = lua.h; sourceTree = "<group>"; };
		F71718F0249CA94300900259 /* ldebug.c */ = {isa = PBXFileReference; fileEncoding = 4; lastKnownFileType = sourcecode.c.c; path = ldebug.c; sourceTree = "<group>"; };
		F71718F1249CA94300900259 /* lfunc.h */ = {isa = PBXFileReference; fileEncoding = 4; lastKnownFileType = sourcecode.c.h; path = lfunc.h; sourceTree = "<group>"; };
		F71718F2249CA94300900259 /* lprefix.h */ = {isa = PBXFileReference; fileEncoding = 4; lastKnownFileType = sourcecode.c.h; path = lprefix.h; sourceTree = "<group>"; };
		F71718F3249CA94300900259 /* lparser.c */ = {isa = PBXFileReference; fileEncoding = 4; lastKnownFileType = sourcecode.c.c; path = lparser.c; sourceTree = "<group>"; };
		F71718F4249CA94300900259 /* llex.c */ = {isa = PBXFileReference; fileEncoding = 4; lastKnownFileType = sourcecode.c.c; path = llex.c; sourceTree = "<group>"; };
		F71718F5249CA94300900259 /* ltable.h */ = {isa = PBXFileReference; fileEncoding = 4; lastKnownFileType = sourcecode.c.h; path = ltable.h; sourceTree = "<group>"; };
		F71718F6249CA94300900259 /* ltm.c */ = {isa = PBXFileReference; fileEncoding = 4; lastKnownFileType = sourcecode.c.c; path = ltm.c; sourceTree = "<group>"; };
		F71718F7249CA94300900259 /* lctype.h */ = {isa = PBXFileReference; fileEncoding = 4; lastKnownFileType = sourcecode.c.h; path = lctype.h; sourceTree = "<group>"; };
		F71718F8249CA94300900259 /* ldo.c */ = {isa = PBXFileReference; fileEncoding = 4; lastKnownFileType = sourcecode.c.c; path = ldo.c; sourceTree = "<group>"; };
		F71718F9249CA94300900259 /* lundump.h */ = {isa = PBXFileReference; fileEncoding = 4; lastKnownFileType = sourcecode.c.h; path = lundump.h; sourceTree = "<group>"; };
		F7A8B49D2499B4D40036D021 /* occ++lua.app */ = {isa = PBXFileReference; explicitFileType = wrapper.application; includeInIndex = 0; path = "occ++lua.app"; sourceTree = BUILT_PRODUCTS_DIR; };
		F7A8B4A02499B4D40036D021 /* AppDelegate.h */ = {isa = PBXFileReference; lastKnownFileType = sourcecode.c.h; path = AppDelegate.h; sourceTree = "<group>"; };
		F7A8B4A12499B4D40036D021 /* AppDelegate.m */ = {isa = PBXFileReference; lastKnownFileType = sourcecode.c.objc; path = AppDelegate.m; sourceTree = "<group>"; };
		F7A8B4A32499B4D40036D021 /* SceneDelegate.h */ = {isa = PBXFileReference; lastKnownFileType = sourcecode.c.h; path = SceneDelegate.h; sourceTree = "<group>"; };
		F7A8B4A42499B4D40036D021 /* SceneDelegate.m */ = {isa = PBXFileReference; lastKnownFileType = sourcecode.c.objc; path = SceneDelegate.m; sourceTree = "<group>"; };
		F7A8B4A62499B4D40036D021 /* ViewController.h */ = {isa = PBXFileReference; lastKnownFileType = sourcecode.c.h; path = ViewController.h; sourceTree = "<group>"; };
		F7A8B4A72499B4D40036D021 /* ViewController.mm */ = {isa = PBXFileReference; lastKnownFileType = sourcecode.cpp.objcpp; path = ViewController.mm; sourceTree = "<group>"; };
		F7A8B4AA2499B4D40036D021 /* Base */ = {isa = PBXFileReference; lastKnownFileType = file.storyboard; name = Base; path = Base.lproj/Main.storyboard; sourceTree = "<group>"; };
		F7A8B4AC2499B4D60036D021 /* Assets.xcassets */ = {isa = PBXFileReference; lastKnownFileType = folder.assetcatalog; path = Assets.xcassets; sourceTree = "<group>"; };
		F7A8B4AF2499B4D60036D021 /* Base */ = {isa = PBXFileReference; lastKnownFileType = file.storyboard; name = Base; path = Base.lproj/LaunchScreen.storyboard; sourceTree = "<group>"; };
		F7A8B4B12499B4D60036D021 /* Info.plist */ = {isa = PBXFileReference; lastKnownFileType = text.plist.xml; path = Info.plist; sourceTree = "<group>"; };
		F7A8B4B22499B4D60036D021 /* main.m */ = {isa = PBXFileReference; lastKnownFileType = sourcecode.c.objc; path = main.m; sourceTree = "<group>"; };
		F7A8B4B82499B4D60036D021 /* occ++luaTests.xctest */ = {isa = PBXFileReference; explicitFileType = wrapper.cfbundle; includeInIndex = 0; path = "occ++luaTests.xctest"; sourceTree = BUILT_PRODUCTS_DIR; };
		F7A8B4BC2499B4D60036D021 /* occ__luaTests.m */ = {isa = PBXFileReference; lastKnownFileType = sourcecode.c.objc; path = occ__luaTests.m; sourceTree = "<group>"; };
		F7A8B4BE2499B4D60036D021 /* Info.plist */ = {isa = PBXFileReference; lastKnownFileType = text.plist.xml; path = Info.plist; sourceTree = "<group>"; };
		F7A8B4C32499B4D60036D021 /* occ++luaUITests.xctest */ = {isa = PBXFileReference; explicitFileType = wrapper.cfbundle; includeInIndex = 0; path = "occ++luaUITests.xctest"; sourceTree = BUILT_PRODUCTS_DIR; };
		F7A8B4C72499B4D70036D021 /* occ__luaUITests.m */ = {isa = PBXFileReference; lastKnownFileType = sourcecode.c.objc; path = occ__luaUITests.m; sourceTree = "<group>"; };
		F7A8B4C92499B4D70036D021 /* Info.plist */ = {isa = PBXFileReference; lastKnownFileType = text.plist.xml; path = Info.plist; sourceTree = "<group>"; };
		F7A8B4E5249A01830036D021 /* bridge.mm */ = {isa = PBXFileReference; lastKnownFileType = sourcecode.cpp.objcpp; path = bridge.mm; sourceTree = "<group>"; };
		F7A8B4E6249A01830036D021 /* bridge.hpp */ = {isa = PBXFileReference; lastKnownFileType = sourcecode.cpp.h; path = bridge.hpp; sourceTree = "<group>"; };
		F7A8B74F249A09BC0036D021 /* demo.lua */ = {isa = PBXFileReference; fileEncoding = 4; lastKnownFileType = text; path = demo.lua; sourceTree = "<group>"; };
		F7A8B751249A0B110036D021 /* ViewController2.h */ = {isa = PBXFileReference; lastKnownFileType = sourcecode.c.h; path = ViewController2.h; sourceTree = "<group>"; };
		F7A8B752249A0B110036D021 /* ViewController2.m */ = {isa = PBXFileReference; lastKnownFileType = sourcecode.c.objc; path = ViewController2.m; sourceTree = "<group>"; };
		F7E90DD924A197AD00967832 /* Security.framework */ = {isa = PBXFileReference; lastKnownFileType = wrapper.framework; name = Security.framework; path = System/Library/Frameworks/Security.framework; sourceTree = SDKROOT; };
		F7E90DDB24A197D000967832 /* libiconv.tbd */ = {isa = PBXFileReference; lastKnownFileType = "sourcecode.text-based-dylib-definition"; name = libiconv.tbd; path = usr/lib/libiconv.tbd; sourceTree = SDKROOT; };
		F7E90DDD24A197D600967832 /* SystemConfiguration.framework */ = {isa = PBXFileReference; lastKnownFileType = wrapper.framework; name = SystemConfiguration.framework; path = System/Library/Frameworks/SystemConfiguration.framework; sourceTree = SDKROOT; };
		F7E90DDF24A197DB00967832 /* CoreGraphics.framework */ = {isa = PBXFileReference; lastKnownFileType = wrapper.framework; name = CoreGraphics.framework; path = System/Library/Frameworks/CoreGraphics.framework; sourceTree = SDKROOT; };
		F7E90DE124A197E300967832 /* libsqlite3.tbd */ = {isa = PBXFileReference; lastKnownFileType = "sourcecode.text-based-dylib-definition"; name = libsqlite3.tbd; path = usr/lib/libsqlite3.tbd; sourceTree = SDKROOT; };
		F7E90DE324A197E800967832 /* CoreTelephony.framework */ = {isa = PBXFileReference; lastKnownFileType = wrapper.framework; name = CoreTelephony.framework; path = System/Library/Frameworks/CoreTelephony.framework; sourceTree = SDKROOT; };
		F7E90DE524A197FA00967832 /* libz.tbd */ = {isa = PBXFileReference; lastKnownFileType = "sourcecode.text-based-dylib-definition"; name = libz.tbd; path = usr/lib/libz.tbd; sourceTree = SDKROOT; };
		F7E90DE724A19A9700967832 /* WebKit.framework */ = {isa = PBXFileReference; lastKnownFileType = wrapper.framework; name = WebKit.framework; path = System/Library/Frameworks/WebKit.framework; sourceTree = SDKROOT; };
/* End PBXFileReference section */

/* Begin PBXFrameworksBuildPhase section */
		F7A8B49A2499B4D40036D021 /* Frameworks */ = {
			isa = PBXFrameworksBuildPhase;
			buildActionMask = 2147483647;
			files = (
				F7E90DE824A19A9700967832 /* WebKit.framework in Frameworks */,
				F7E90DE624A197FA00967832 /* libz.tbd in Frameworks */,
				F7E90DE424A197E800967832 /* CoreTelephony.framework in Frameworks */,
				F7E90DE224A197E300967832 /* libsqlite3.tbd in Frameworks */,
				F7E90DE024A197DC00967832 /* CoreGraphics.framework in Frameworks */,
				F7E90DDE24A197D600967832 /* SystemConfiguration.framework in Frameworks */,
				F7E90DDC24A197D000967832 /* libiconv.tbd in Frameworks */,
				F7E90DDA24A197AD00967832 /* Security.framework in Frameworks */,
			);
			runOnlyForDeploymentPostprocessing = 0;
		};
		F7A8B4B52499B4D60036D021 /* Frameworks */ = {
			isa = PBXFrameworksBuildPhase;
			buildActionMask = 2147483647;
			files = (
			);
			runOnlyForDeploymentPostprocessing = 0;
		};
		F7A8B4C02499B4D60036D021 /* Frameworks */ = {
			isa = PBXFrameworksBuildPhase;
			buildActionMask = 2147483647;
			files = (
			);
			runOnlyForDeploymentPostprocessing = 0;
		};
/* End PBXFrameworksBuildPhase section */

/* Begin PBXGroup section */
		F71718B8249CA94300900259 /* luaBridge */ = {
			isa = PBXGroup;
			children = (
				F71718B9249CA94300900259 /* LuaBridge.m */,
				F71718BA249CA94300900259 /* LuaBridge.h */,
				F71718BB249CA94300900259 /* .gitignore */,
				F71718BC249CA94300900259 /* utils.lua */,
				F71718BD249CA94300900259 /* LuaBridgeInternal.h */,
				F71718BE249CA94300900259 /* src */,
			);
			path = luaBridge;
			sourceTree = "<group>";
		};
		F71718BE249CA94300900259 /* src */ = {
			isa = PBXGroup;
			children = (
				F71718BF249CA94300900259 /* lauxlib.c */,
				F71718C0249CA94300900259 /* lmem.h */,
				F71718C1249CA94300900259 /* llimits.h */,
				F71718C2249CA94300900259 /* luaconf.h */,
				F71718C3249CA94300900259 /* lzio.h */,
				F71718C4249CA94300900259 /* lgc.h */,
				F71718C5249CA94300900259 /* liolib.c */,
				F71718C6249CA94300900259 /* lopcodes.c */,
				F71718C7249CA94300900259 /* lstate.c */,
				F71718C8249CA94300900259 /* lua.hpp */,
				F71718C9249CA94300900259 /* lobject.c */,
				F71718CA249CA94300900259 /* lualib.h */,
				F71718CB249CA94300900259 /* lmathlib.c */,
				F71718CC249CA94300900259 /* loadlib.c */,
				F71718CD249CA94300900259 /* lvm.c */,
				F71718CE249CA94300900259 /* lfunc.c */,
				F71718CF249CA94300900259 /* lstrlib.c */,
				F71718D0249CA94300900259 /* ldebug.h */,
				F71718D1249CA94300900259 /* linit.c */,
				F71718D2249CA94300900259 /* lcode.h */,
				F71718D3249CA94300900259 /* lapi.h */,
				F71718D4249CA94300900259 /* lstring.c */,
				F71718D5249CA94300900259 /* ldo.h */,
				F71718D6249CA94300900259 /* lundump.c */,
				F71718D7249CA94300900259 /* lctype.c */,
				F71718D8249CA94300900259 /* llex.h */,
				F71718D9249CA94300900259 /* ltm.h */,
				F71718DA249CA94300900259 /* ltable.c */,
				F71718DB249CA94300900259 /* lparser.h */,
				F71718DC249CA94300900259 /* ldump.c */,
				F71718DD249CA94300900259 /* lobject.h */,
				F71718DE249CA94300900259 /* lstate.h */,
				F71718DF249CA94300900259 /* lopcodes.h */,
				F71718E0249CA94300900259 /* loslib.c */,
				F71718E1249CA94300900259 /* lgc.c */,
				F71718E2249CA94300900259 /* lzio.c */,
				F71718E3249CA94300900259 /* ldblib.c */,
				F71718E4249CA94300900259 /* lutf8lib.c */,
				F71718E5249CA94300900259 /* lmem.c */,
				F71718E6249CA94300900259 /* lauxlib.h */,
				F71718E7249CA94300900259 /* lvm.h */,
				F71718E8249CA94300900259 /* lcorolib.c */,
				F71718E9249CA94300900259 /* lstring.h */,
				F71718EA249CA94300900259 /* lcode.c */,
				F71718EB249CA94300900259 /* ltablib.c */,
				F71718EC249CA94300900259 /* lbitlib.c */,
				F71718ED249CA94300900259 /* lapi.c */,
				F71718EE249CA94300900259 /* lbaselib.c */,
				F71718EF249CA94300900259 /* lua.h */,
				F71718F0249CA94300900259 /* ldebug.c */,
				F71718F1249CA94300900259 /* lfunc.h */,
				F71718F2249CA94300900259 /* lprefix.h */,
				F71718F3249CA94300900259 /* lparser.c */,
				F71718F4249CA94300900259 /* llex.c */,
				F71718F5249CA94300900259 /* ltable.h */,
				F71718F6249CA94300900259 /* ltm.c */,
				F71718F7249CA94300900259 /* lctype.h */,
				F71718F8249CA94300900259 /* ldo.c */,
				F71718F9249CA94300900259 /* lundump.h */,
			);
			path = src;
			sourceTree = "<group>";
		};
		F7A8B4942499B4D40036D021 = {
			isa = PBXGroup;
			children = (
				F7A8B49F2499B4D40036D021 /* occ++lua */,
				F7A8B4BB2499B4D60036D021 /* occ++luaTests */,
				F7A8B4C62499B4D60036D021 /* occ++luaUITests */,
				F7A8B49E2499B4D40036D021 /* Products */,
				F7E90DD824A197AD00967832 /* Frameworks */,
			);
			sourceTree = "<group>";
		};
		F7A8B49E2499B4D40036D021 /* Products */ = {
			isa = PBXGroup;
			children = (
				F7A8B49D2499B4D40036D021 /* occ++lua.app */,
				F7A8B4B82499B4D60036D021 /* occ++luaTests.xctest */,
				F7A8B4C32499B4D60036D021 /* occ++luaUITests.xctest */,
			);
			name = Products;
			sourceTree = "<group>";
		};
		F7A8B49F2499B4D40036D021 /* occ++lua */ = {
			isa = PBXGroup;
			children = (
				F71718B8249CA94300900259 /* luaBridge */,
				F7A8B74F249A09BC0036D021 /* demo.lua */,
				F7A8B4A02499B4D40036D021 /* AppDelegate.h */,
				F7A8B4A12499B4D40036D021 /* AppDelegate.m */,
				F7A8B4A32499B4D40036D021 /* SceneDelegate.h */,
				F7A8B4A42499B4D40036D021 /* SceneDelegate.m */,
				F7A8B4A62499B4D40036D021 /* ViewController.h */,
				F7A8B4A72499B4D40036D021 /* ViewController.mm */,
				F7A8B751249A0B110036D021 /* ViewController2.h */,
				F7A8B752249A0B110036D021 /* ViewController2.m */,
				F7A8B4A92499B4D40036D021 /* Main.storyboard */,
				F7A8B4AC2499B4D60036D021 /* Assets.xcassets */,
				F7A8B4AE2499B4D60036D021 /* LaunchScreen.storyboard */,
				F7A8B4B12499B4D60036D021 /* Info.plist */,
				F7A8B4B22499B4D60036D021 /* main.m */,
				F7A8B4E5249A01830036D021 /* bridge.mm */,
				F7A8B4E6249A01830036D021 /* bridge.hpp */,
			);
			path = "occ++lua";
			sourceTree = "<group>";
		};
		F7A8B4BB2499B4D60036D021 /* occ++luaTests */ = {
			isa = PBXGroup;
			children = (
				F7A8B4BC2499B4D60036D021 /* occ__luaTests.m */,
				F7A8B4BE2499B4D60036D021 /* Info.plist */,
			);
			path = "occ++luaTests";
			sourceTree = "<group>";
		};
		F7A8B4C62499B4D60036D021 /* occ++luaUITests */ = {
			isa = PBXGroup;
			children = (
				F7A8B4C72499B4D70036D021 /* occ__luaUITests.m */,
				F7A8B4C92499B4D70036D021 /* Info.plist */,
			);
			path = "occ++luaUITests";
			sourceTree = "<group>";
		};
		F7E90DD824A197AD00967832 /* Frameworks */ = {
			isa = PBXGroup;
			children = (
				F7E90DE724A19A9700967832 /* WebKit.framework */,
				F7E90DE524A197FA00967832 /* libz.tbd */,
				F7E90DE324A197E800967832 /* CoreTelephony.framework */,
				F7E90DE124A197E300967832 /* libsqlite3.tbd */,
				F7E90DDF24A197DB00967832 /* CoreGraphics.framework */,
				F7E90DDD24A197D600967832 /* SystemConfiguration.framework */,
				F7E90DDB24A197D000967832 /* libiconv.tbd */,
				F7E90DD924A197AD00967832 /* Security.framework */,
			);
			name = Frameworks;
			sourceTree = "<group>";
		};
/* End PBXGroup section */

/* Begin PBXNativeTarget section */
		F7A8B49C2499B4D40036D021 /* occ++lua */ = {
			isa = PBXNativeTarget;
			buildConfigurationList = F7A8B4CC2499B4D70036D021 /* Build configuration list for PBXNativeTarget "occ++lua" */;
			buildPhases = (
				F7A8B4992499B4D40036D021 /* Sources */,
				F7A8B49A2499B4D40036D021 /* Frameworks */,
				F7A8B49B2499B4D40036D021 /* Resources */,
			);
			buildRules = (
			);
			dependencies = (
			);
			name = "occ++lua";
			productName = "occ++lua";
			productReference = F7A8B49D2499B4D40036D021 /* occ++lua.app */;
			productType = "com.apple.product-type.application";
		};
		F7A8B4B72499B4D60036D021 /* occ++luaTests */ = {
			isa = PBXNativeTarget;
			buildConfigurationList = F7A8B4CF2499B4D70036D021 /* Build configuration list for PBXNativeTarget "occ++luaTests" */;
			buildPhases = (
				F7A8B4B42499B4D60036D021 /* Sources */,
				F7A8B4B52499B4D60036D021 /* Frameworks */,
				F7A8B4B62499B4D60036D021 /* Resources */,
			);
			buildRules = (
			);
			dependencies = (
				F7A8B4BA2499B4D60036D021 /* PBXTargetDependency */,
			);
			name = "occ++luaTests";
			productName = "occ++luaTests";
			productReference = F7A8B4B82499B4D60036D021 /* occ++luaTests.xctest */;
			productType = "com.apple.product-type.bundle.unit-test";
		};
		F7A8B4C22499B4D60036D021 /* occ++luaUITests */ = {
			isa = PBXNativeTarget;
			buildConfigurationList = F7A8B4D22499B4D70036D021 /* Build configuration list for PBXNativeTarget "occ++luaUITests" */;
			buildPhases = (
				F7A8B4BF2499B4D60036D021 /* Sources */,
				F7A8B4C02499B4D60036D021 /* Frameworks */,
				F7A8B4C12499B4D60036D021 /* Resources */,
			);
			buildRules = (
			);
			dependencies = (
				F7A8B4C52499B4D60036D021 /* PBXTargetDependency */,
			);
			name = "occ++luaUITests";
			productName = "occ++luaUITests";
			productReference = F7A8B4C32499B4D60036D021 /* occ++luaUITests.xctest */;
			productType = "com.apple.product-type.bundle.ui-testing";
		};
/* End PBXNativeTarget section */

/* Begin PBXProject section */
		F7A8B4952499B4D40036D021 /* Project object */ = {
			isa = PBXProject;
			attributes = {
				LastUpgradeCheck = 1150;
				ORGANIZATIONNAME = mdkmdk;
				TargetAttributes = {
					F7A8B49C2499B4D40036D021 = {
						CreatedOnToolsVersion = 11.5;
					};
					F7A8B4B72499B4D60036D021 = {
						CreatedOnToolsVersion = 11.5;
						TestTargetID = F7A8B49C2499B4D40036D021;
					};
					F7A8B4C22499B4D60036D021 = {
						CreatedOnToolsVersion = 11.5;
						TestTargetID = F7A8B49C2499B4D40036D021;
					};
				};
			};
			buildConfigurationList = F7A8B4982499B4D40036D021 /* Build configuration list for PBXProject "occ++lua" */;
			compatibilityVersion = "Xcode 9.3";
			developmentRegion = en;
			hasScannedForEncodings = 0;
			knownRegions = (
				en,
				Base,
			);
			mainGroup = F7A8B4942499B4D40036D021;
			productRefGroup = F7A8B49E2499B4D40036D021 /* Products */;
			projectDirPath = "";
			projectRoot = "";
			targets = (
				F7A8B49C2499B4D40036D021 /* occ++lua */,
				F7A8B4B72499B4D60036D021 /* occ++luaTests */,
				F7A8B4C22499B4D60036D021 /* occ++luaUITests */,
			);
		};
/* End PBXProject section */

/* Begin PBXResourcesBuildPhase section */
		F7A8B49B2499B4D40036D021 /* Resources */ = {
			isa = PBXResourcesBuildPhase;
			buildActionMask = 2147483647;
			files = (
				F71718FC249CA94300900259 /* utils.lua in Resources */,
				F7A8B750249A09BC0036D021 /* demo.lua in Resources */,
				F7A8B4B02499B4D60036D021 /* LaunchScreen.storyboard in Resources */,
				F7A8B4AD2499B4D60036D021 /* Assets.xcassets in Resources */,
				F71718FB249CA94300900259 /* .gitignore in Resources */,
				F7A8B4AB2499B4D40036D021 /* Main.storyboard in Resources */,
			);
			runOnlyForDeploymentPostprocessing = 0;
		};
		F7A8B4B62499B4D60036D021 /* Resources */ = {
			isa = PBXResourcesBuildPhase;
			buildActionMask = 2147483647;
			files = (
			);
			runOnlyForDeploymentPostprocessing = 0;
		};
		F7A8B4C12499B4D60036D021 /* Resources */ = {
			isa = PBXResourcesBuildPhase;
			buildActionMask = 2147483647;
			files = (
			);
			runOnlyForDeploymentPostprocessing = 0;
		};
/* End PBXResourcesBuildPhase section */

/* Begin PBXSourcesBuildPhase section */
		F7A8B4992499B4D40036D021 /* Sources */ = {
			isa = PBXSourcesBuildPhase;
			buildActionMask = 2147483647;
			files = (
				F7171907249CA94300900259 /* linit.c in Sources */,
				F7171905249CA94300900259 /* lfunc.c in Sources */,
				F7171916249CA94300900259 /* lbitlib.c in Sources */,
				F71718FE249CA94300900259 /* liolib.c in Sources */,
				F7171913249CA94300900259 /* lcorolib.c in Sources */,
				F7171909249CA94300900259 /* lundump.c in Sources */,
				F7171902249CA94300900259 /* lmathlib.c in Sources */,
				F7171901249CA94300900259 /* lobject.c in Sources */,
				F717190D249CA94300900259 /* loslib.c in Sources */,
				F717191C249CA94300900259 /* ltm.c in Sources */,
				F7A8B4A82499B4D40036D021 /* ViewController.mm in Sources */,
				F717190A249CA94300900259 /* lctype.c in Sources */,
				F7171918249CA94300900259 /* lbaselib.c in Sources */,
				F7171908249CA94300900259 /* lstring.c in Sources */,
				F71718FF249CA94300900259 /* lopcodes.c in Sources */,
				F7171917249CA94300900259 /* lapi.c in Sources */,
				F7171912249CA94300900259 /* lmem.c in Sources */,
				F7171919249CA94300900259 /* ldebug.c in Sources */,
				F71718FA249CA94300900259 /* LuaBridge.m in Sources */,
				F717191A249CA94300900259 /* lparser.c in Sources */,
				F7A8B4E7249A01830036D021 /* bridge.mm in Sources */,
				F717190F249CA94300900259 /* lzio.c in Sources */,
				F7171906249CA94300900259 /* lstrlib.c in Sources */,
				F71718FD249CA94300900259 /* lauxlib.c in Sources */,
				F717190C249CA94300900259 /* ldump.c in Sources */,
				F7A8B4A22499B4D40036D021 /* AppDelegate.m in Sources */,
				F7171915249CA94300900259 /* ltablib.c in Sources */,
				F7171910249CA94300900259 /* ldblib.c in Sources */,
				F7171903249CA94300900259 /* loadlib.c in Sources */,
				F717191D249CA94300900259 /* ldo.c in Sources */,
				F7171900249CA94300900259 /* lstate.c in Sources */,
				F7A8B4B32499B4D60036D021 /* main.m in Sources */,
				F717191B249CA94300900259 /* llex.c in Sources */,
				F7171904249CA94300900259 /* lvm.c in Sources */,
				F7A8B753249A0B110036D021 /* ViewController2.m in Sources */,
				F717190E249CA94300900259 /* lgc.c in Sources */,
				F7171911249CA94300900259 /* lutf8lib.c in Sources */,
				F7A8B4A52499B4D40036D021 /* SceneDelegate.m in Sources */,
				F717190B249CA94300900259 /* ltable.c in Sources */,
				F7171914249CA94300900259 /* lcode.c in Sources */,
			);
			runOnlyForDeploymentPostprocessing = 0;
		};
		F7A8B4B42499B4D60036D021 /* Sources */ = {
			isa = PBXSourcesBuildPhase;
			buildActionMask = 2147483647;
			files = (
				F7A8B4BD2499B4D60036D021 /* occ__luaTests.m in Sources */,
			);
			runOnlyForDeploymentPostprocessing = 0;
		};
		F7A8B4BF2499B4D60036D021 /* Sources */ = {
			isa = PBXSourcesBuildPhase;
			buildActionMask = 2147483647;
			files = (
				F7A8B4C82499B4D70036D021 /* occ__luaUITests.m in Sources */,
			);
			runOnlyForDeploymentPostprocessing = 0;
		};
/* End PBXSourcesBuildPhase section */

/* Begin PBXTargetDependency section */
		F7A8B4BA2499B4D60036D021 /* PBXTargetDependency */ = {
			isa = PBXTargetDependency;
			target = F7A8B49C2499B4D40036D021 /* occ++lua */;
			targetProxy = F7A8B4B92499B4D60036D021 /* PBXContainerItemProxy */;
		};
		F7A8B4C52499B4D60036D021 /* PBXTargetDependency */ = {
			isa = PBXTargetDependency;
			target = F7A8B49C2499B4D40036D021 /* occ++lua */;
			targetProxy = F7A8B4C42499B4D60036D021 /* PBXContainerItemProxy */;
		};
/* End PBXTargetDependency section */

/* Begin PBXVariantGroup section */
		F7A8B4A92499B4D40036D021 /* Main.storyboard */ = {
			isa = PBXVariantGroup;
			children = (
				F7A8B4AA2499B4D40036D021 /* Base */,
			);
			name = Main.storyboard;
			sourceTree = "<group>";
		};
		F7A8B4AE2499B4D60036D021 /* LaunchScreen.storyboard */ = {
			isa = PBXVariantGroup;
			children = (
				F7A8B4AF2499B4D60036D021 /* Base */,
			);
			name = LaunchScreen.storyboard;
			sourceTree = "<group>";
		};
/* End PBXVariantGroup section */

/* Begin XCBuildConfiguration section */
		F7A8B4CA2499B4D70036D021 /* Debug */ = {
			isa = XCBuildConfiguration;
			buildSettings = {
				ALWAYS_SEARCH_USER_PATHS = NO;
				CLANG_ANALYZER_NONNULL = YES;
				CLANG_ANALYZER_NUMBER_OBJECT_CONVERSION = YES_AGGRESSIVE;
				CLANG_CXX_LANGUAGE_STANDARD = "gnu++14";
				CLANG_CXX_LIBRARY = "libc++";
				CLANG_ENABLE_MODULES = YES;
				CLANG_ENABLE_OBJC_ARC = YES;
				CLANG_ENABLE_OBJC_WEAK = YES;
				CLANG_WARN_BLOCK_CAPTURE_AUTORELEASING = YES;
				CLANG_WARN_BOOL_CONVERSION = YES;
				CLANG_WARN_COMMA = YES;
				CLANG_WARN_CONSTANT_CONVERSION = YES;
				CLANG_WARN_DEPRECATED_OBJC_IMPLEMENTATIONS = YES;
				CLANG_WARN_DIRECT_OBJC_ISA_USAGE = YES_ERROR;
				CLANG_WARN_DOCUMENTATION_COMMENTS = YES;
				CLANG_WARN_EMPTY_BODY = YES;
				CLANG_WARN_ENUM_CONVERSION = YES;
				CLANG_WARN_INFINITE_RECURSION = YES;
				CLANG_WARN_INT_CONVERSION = YES;
				CLANG_WARN_NON_LITERAL_NULL_CONVERSION = YES;
				CLANG_WARN_OBJC_IMPLICIT_RETAIN_SELF = YES;
				CLANG_WARN_OBJC_LITERAL_CONVERSION = YES;
				CLANG_WARN_OBJC_ROOT_CLASS = YES_ERROR;
				CLANG_WARN_RANGE_LOOP_ANALYSIS = YES;
				CLANG_WARN_STRICT_PROTOTYPES = YES;
				CLANG_WARN_SUSPICIOUS_MOVE = YES;
				CLANG_WARN_UNGUARDED_AVAILABILITY = YES_AGGRESSIVE;
				CLANG_WARN_UNREACHABLE_CODE = YES;
				CLANG_WARN__DUPLICATE_METHOD_MATCH = YES;
				COPY_PHASE_STRIP = NO;
				DEBUG_INFORMATION_FORMAT = dwarf;
				ENABLE_STRICT_OBJC_MSGSEND = YES;
				ENABLE_TESTABILITY = YES;
				GCC_C_LANGUAGE_STANDARD = gnu11;
				GCC_DYNAMIC_NO_PIC = NO;
				GCC_NO_COMMON_BLOCKS = YES;
				GCC_OPTIMIZATION_LEVEL = 0;
				GCC_PREPROCESSOR_DEFINITIONS = (
					"DEBUG=1",
					"$(inherited)",
				);
				GCC_WARN_64_TO_32_BIT_CONVERSION = YES;
				GCC_WARN_ABOUT_RETURN_TYPE = YES_ERROR;
				GCC_WARN_UNDECLARED_SELECTOR = YES;
				GCC_WARN_UNINITIALIZED_AUTOS = YES_AGGRESSIVE;
				GCC_WARN_UNUSED_FUNCTION = YES;
				GCC_WARN_UNUSED_VARIABLE = YES;
				IPHONEOS_DEPLOYMENT_TARGET = 13.5;
				MTL_ENABLE_DEBUG_INFO = INCLUDE_SOURCE;
				MTL_FAST_MATH = YES;
				ONLY_ACTIVE_ARCH = YES;
				SDKROOT = iphoneos;
			};
			name = Debug;
		};
		F7A8B4CB2499B4D70036D021 /* Release */ = {
			isa = XCBuildConfiguration;
			buildSettings = {
				ALWAYS_SEARCH_USER_PATHS = NO;
				CLANG_ANALYZER_NONNULL = YES;
				CLANG_ANALYZER_NUMBER_OBJECT_CONVERSION = YES_AGGRESSIVE;
				CLANG_CXX_LANGUAGE_STANDARD = "gnu++14";
				CLANG_CXX_LIBRARY = "libc++";
				CLANG_ENABLE_MODULES = YES;
				CLANG_ENABLE_OBJC_ARC = YES;
				CLANG_ENABLE_OBJC_WEAK = YES;
				CLANG_WARN_BLOCK_CAPTURE_AUTORELEASING = YES;
				CLANG_WARN_BOOL_CONVERSION = YES;
				CLANG_WARN_COMMA = YES;
				CLANG_WARN_CONSTANT_CONVERSION = YES;
				CLANG_WARN_DEPRECATED_OBJC_IMPLEMENTATIONS = YES;
				CLANG_WARN_DIRECT_OBJC_ISA_USAGE = YES_ERROR;
				CLANG_WARN_DOCUMENTATION_COMMENTS = YES;
				CLANG_WARN_EMPTY_BODY = YES;
				CLANG_WARN_ENUM_CONVERSION = YES;
				CLANG_WARN_INFINITE_RECURSION = YES;
				CLANG_WARN_INT_CONVERSION = YES;
				CLANG_WARN_NON_LITERAL_NULL_CONVERSION = YES;
				CLANG_WARN_OBJC_IMPLICIT_RETAIN_SELF = YES;
				CLANG_WARN_OBJC_LITERAL_CONVERSION = YES;
				CLANG_WARN_OBJC_ROOT_CLASS = YES_ERROR;
				CLANG_WARN_RANGE_LOOP_ANALYSIS = YES;
				CLANG_WARN_STRICT_PROTOTYPES = YES;
				CLANG_WARN_SUSPICIOUS_MOVE = YES;
				CLANG_WARN_UNGUARDED_AVAILABILITY = YES_AGGRESSIVE;
				CLANG_WARN_UNREACHABLE_CODE = YES;
				CLANG_WARN__DUPLICATE_METHOD_MATCH = YES;
				COPY_PHASE_STRIP = NO;
				DEBUG_INFORMATION_FORMAT = "dwarf-with-dsym";
				ENABLE_NS_ASSERTIONS = NO;
				ENABLE_STRICT_OBJC_MSGSEND = YES;
				GCC_C_LANGUAGE_STANDARD = gnu11;
				GCC_NO_COMMON_BLOCKS = YES;
				GCC_WARN_64_TO_32_BIT_CONVERSION = YES;
				GCC_WARN_ABOUT_RETURN_TYPE = YES_ERROR;
				GCC_WARN_UNDECLARED_SELECTOR = YES;
				GCC_WARN_UNINITIALIZED_AUTOS = YES_AGGRESSIVE;
				GCC_WARN_UNUSED_FUNCTION = YES;
				GCC_WARN_UNUSED_VARIABLE = YES;
				IPHONEOS_DEPLOYMENT_TARGET = 13.5;
				MTL_ENABLE_DEBUG_INFO = NO;
				MTL_FAST_MATH = YES;
				SDKROOT = iphoneos;
				VALIDATE_PRODUCT = YES;
			};
			name = Release;
		};
		F7A8B4CD2499B4D70036D021 /* Debug */ = {
			isa = XCBuildConfiguration;
			buildSettings = {
				ASSETCATALOG_COMPILER_APPICON_NAME = AppIcon;
				CODE_SIGN_IDENTITY = "iPhone Developer";
				CODE_SIGN_STYLE = Manual;
				DEVELOPMENT_TEAM = P838CT5SAV;
				FRAMEWORK_SEARCH_PATHS = (
					"$(inherited)",
					"$(PROJECT_DIR)/occ++lua/third/QQ",
				);
				GCC_INPUT_FILETYPE = automatic;
				INFOPLIST_FILE = "occ++lua/Info.plist";
				LD_RUNPATH_SEARCH_PATHS = (
					"$(inherited)",
					"@executable_path/Frameworks",
				);
				LIBRARY_SEARCH_PATHS = (
					"$(inherited)",
					"$(PROJECT_DIR)/occ++lua",
					"$(PROJECT_DIR)/occ++lua/third/WX",
					"$(PROJECT_DIR)/occ++lua/third/Weibo/libWeiboSDK",
				);
				OTHER_LDFLAGS = (
					"-ObjC",
					"-all_load",
				);
				PRODUCT_BUNDLE_IDENTIFIER = com.iqing.qingwen;
				PRODUCT_NAME = "$(TARGET_NAME)";
				PROVISIONING_PROFILE_SPECIFIER = Universal_Profile_AllFit;
				TARGETED_DEVICE_FAMILY = "1,2";
			};
			name = Debug;
		};
		F7A8B4CE2499B4D70036D021 /* Release */ = {
			isa = XCBuildConfiguration;
			buildSettings = {
				ASSETCATALOG_COMPILER_APPICON_NAME = AppIcon;
				CODE_SIGN_IDENTITY = "iPhone Developer";
				CODE_SIGN_STYLE = Manual;
				DEVELOPMENT_TEAM = P838CT5SAV;
				FRAMEWORK_SEARCH_PATHS = (
					"$(inherited)",
					"$(PROJECT_DIR)/occ++lua/third/QQ",
				);
				GCC_INPUT_FILETYPE = automatic;
				INFOPLIST_FILE = "occ++lua/Info.plist";
				LD_RUNPATH_SEARCH_PATHS = (
					"$(inherited)",
					"@executable_path/Frameworks",
				);
				LIBRARY_SEARCH_PATHS = (
					"$(inherited)",
					"$(PROJECT_DIR)/occ++lua",
					"$(PROJECT_DIR)/occ++lua/third/WX",
					"$(PROJECT_DIR)/occ++lua/third/Weibo/libWeiboSDK",
				);
				OTHER_LDFLAGS = (
					"-ObjC",
					"-all_load",
				);
				PRODUCT_BUNDLE_IDENTIFIER = com.iqing.qingwen;
				PRODUCT_NAME = "$(TARGET_NAME)";
				PROVISIONING_PROFILE_SPECIFIER = Universal_Profile_AllFit;
				TARGETED_DEVICE_FAMILY = "1,2";
			};
			name = Release;
		};
		F7A8B4D02499B4D70036D021 /* Debug */ = {
			isa = XCBuildConfiguration;
			buildSettings = {
				BUNDLE_LOADER = "$(TEST_HOST)";
				CODE_SIGN_STYLE = Automatic;
				INFOPLIST_FILE = "occ++luaTests/Info.plist";
				IPHONEOS_DEPLOYMENT_TARGET = 13.5;
				LD_RUNPATH_SEARCH_PATHS = (
					"$(inherited)",
					"@executable_path/Frameworks",
					"@loader_path/Frameworks",
				);
				PRODUCT_BUNDLE_IDENTIFIER = "----.occ--luaTests";
				PRODUCT_NAME = "$(TARGET_NAME)";
				TARGETED_DEVICE_FAMILY = "1,2";
				TEST_HOST = "$(BUILT_PRODUCTS_DIR)/occ++lua.app/occ++lua";
			};
			name = Debug;
		};
		F7A8B4D12499B4D70036D021 /* Release */ = {
			isa = XCBuildConfiguration;
			buildSettings = {
				BUNDLE_LOADER = "$(TEST_HOST)";
				CODE_SIGN_STYLE = Automatic;
				INFOPLIST_FILE = "occ++luaTests/Info.plist";
				IPHONEOS_DEPLOYMENT_TARGET = 13.5;
				LD_RUNPATH_SEARCH_PATHS = (
					"$(inherited)",
					"@executable_path/Frameworks",
					"@loader_path/Frameworks",
				);
				PRODUCT_BUNDLE_IDENTIFIER = "----.occ--luaTests";
				PRODUCT_NAME = "$(TARGET_NAME)";
				TARGETED_DEVICE_FAMILY = "1,2";
				TEST_HOST = "$(BUILT_PRODUCTS_DIR)/occ++lua.app/occ++lua";
			};
			name = Release;
		};
		F7A8B4D32499B4D70036D021 /* Debug */ = {
			isa = XCBuildConfiguration;
			buildSettings = {
				CODE_SIGN_STYLE = Automatic;
				INFOPLIST_FILE = "occ++luaUITests/Info.plist";
				LD_RUNPATH_SEARCH_PATHS = (
					"$(inherited)",
					"@executable_path/Frameworks",
					"@loader_path/Frameworks",
				);
				PRODUCT_BUNDLE_IDENTIFIER = "----.occ--luaUITests";
				PRODUCT_NAME = "$(TARGET_NAME)";
				TARGETED_DEVICE_FAMILY = "1,2";
				TEST_TARGET_NAME = "occ++lua";
			};
			name = Debug;
		};
		F7A8B4D42499B4D70036D021 /* Release */ = {
			isa = XCBuildConfiguration;
			buildSettings = {
				CODE_SIGN_STYLE = Automatic;
				INFOPLIST_FILE = "occ++luaUITests/Info.plist";
				LD_RUNPATH_SEARCH_PATHS = (
					"$(inherited)",
					"@executable_path/Frameworks",
					"@loader_path/Frameworks",
				);
				PRODUCT_BUNDLE_IDENTIFIER = "----.occ--luaUITests";
				PRODUCT_NAME = "$(TARGET_NAME)";
				TARGETED_DEVICE_FAMILY = "1,2";
				TEST_TARGET_NAME = "occ++lua";
			};
			name = Release;
		};
/* End XCBuildConfiguration section */

/* Begin XCConfigurationList section */
		F7A8B4982499B4D40036D021 /* Build configuration list for PBXProject "occ++lua" */ = {
			isa = XCConfigurationList;
			buildConfigurations = (
				F7A8B4CA2499B4D70036D021 /* Debug */,
				F7A8B4CB2499B4D70036D021 /* Release */,
			);
			defaultConfigurationIsVisible = 0;
			defaultConfigurationName = Release;
		};
		F7A8B4CC2499B4D70036D021 /* Build configuration list for PBXNativeTarget "occ++lua" */ = {
			isa = XCConfigurationList;
			buildConfigurations = (
				F7A8B4CD2499B4D70036D021 /* Debug */,
				F7A8B4CE2499B4D70036D021 /* Release */,
			);
			defaultConfigurationIsVisible = 0;
			defaultConfigurationName = Release;
		};
		F7A8B4CF2499B4D70036D021 /* Build configuration list for PBXNativeTarget "occ++luaTests" */ = {
			isa = XCConfigurationList;
			buildConfigurations = (
				F7A8B4D02499B4D70036D021 /* Debug */,
				F7A8B4D12499B4D70036D021 /* Release */,
			);
			defaultConfigurationIsVisible = 0;
			defaultConfigurationName = Release;
		};
		F7A8B4D22499B4D70036D021 /* Build configuration list for PBXNativeTarget "occ++luaUITests" */ = {
			isa = XCConfigurationList;
			buildConfigurations = (
				F7A8B4D32499B4D70036D021 /* Debug */,
				F7A8B4D42499B4D70036D021 /* Release */,
			);
			defaultConfigurationIsVisible = 0;
			defaultConfigurationName = Release;
		};
/* End XCConfigurationList section */
	};
	rootObject = F7A8B4952499B4D40036D021 /* Project object */;
}
